
Microsoft Visual Studio Solution File, Format Version 12.00
# Visual Studio 15
VisualStudioVersion = 15.0.28307.421
MinimumVisualStudioVersion = 10.0.40219.1
Project("{FAE04EC0-301F-11D3-BF4B-00C04F79EFBC}") = "FileComAddIn", "FileComAddIn\FileComAddIn.csproj", "{FB3FF536-298E-4FFA-A148-4FB1E4BA0E4F}"
EndProject
Project("{FAE04EC0-301F-11D3-BF4B-00C04F79EFBC}") = "FileComClient", "FileComClient\FileComClient.csproj", "{C3FBBC59-7641-4287-BB9C-B5931C9544BF}"
EndProject
Global
	GlobalSection(SolutionConfigurationPlatforms) = preSolution
		Debug|Any CPU = Debug|Any CPU
		Release|Any CPU = Release|Any CPU
	EndGlobalSection
	GlobalSection(ProjectConfigurationPlatforms) = postSolution
		{FB3FF536-298E-4FFA-A148-4FB1E4BA0E4F}.Debug|Any CPU.ActiveCfg = Debug|Any CPU
		{FB3FF536-298E-4FFA-A148-4FB1E4BA0E4F}.Debug|Any CPU.Build.0 = Debug|Any CPU
		{FB3FF536-298E-4FFA-A148-4FB1E4BA0E4F}.Release|Any CPU.ActiveCfg = Release|Any CPU
		{FB3FF536-298E-4FFA-A148-4FB1E4BA0E4F}.Release|Any CPU.Build.0 = Release|Any CPU
		{C3FBBC59-7641-4287-BB9C-B5931C9544BF}.Debug|Any CPU.ActiveCfg = Debug|Any CPU
		{C3FBBC59-7641-4287-BB9C-B5931C9544BF}.Debug|Any CPU.Build.0 = Debug|Any CPU
		{C3FBBC59-7641-4287-BB9C-B5931C9544BF}.Release|Any CPU.ActiveCfg = Release|Any CPU
		{C3FBBC59-7641-4287-BB9C-B5931C9544BF}.Release|Any CPU.Build.0 = Release|Any CPU
	EndGlobalSection
	GlobalSection(SolutionProperties) = preSolution
		HideSolutionNode = FALSE
	EndGlobalSection
	GlobalSection(ExtensibilityGlobals) = postSolution
		SolutionGuid = {C56A3415-D174-4AEC-8A83-EF4B85DA83E9}
	EndGlobalSection
EndGlobal
